// !$*UTF8*$!
{
	archiveVersion = 1;
	classes = {
	};
	objectVersion = 46;
	objects = {

/* Begin PBXBuildFile section */
		80027E8A1E4167DE0002465F /* AppDelegate.swift in Sources */ = {isa = PBXBuildFile; fileRef = 80027E891E4167DE0002465F /* AppDelegate.swift */; };
		80027E8C1E4167DE0002465F /* ViewController.swift in Sources */ = {isa = PBXBuildFile; fileRef = 80027E8B1E4167DE0002465F /* ViewController.swift */; };
		80027E8F1E4167DE0002465F /* Main.storyboard in Resources */ = {isa = PBXBuildFile; fileRef = 80027E8D1E4167DE0002465F /* Main.storyboard */; };
		80027E911E4167DE0002465F /* Assets.xcassets in Resources */ = {isa = PBXBuildFile; fileRef = 80027E901E4167DE0002465F /* Assets.xcassets */; };
		80027E941E4167DE0002465F /* LaunchScreen.storyboard in Resources */ = {isa = PBXBuildFile; fileRef = 80027E921E4167DE0002465F /* LaunchScreen.storyboard */; };
		80027E9C1E41684C0002465F /* ToDoTableViewController.swift in Sources */ = {isa = PBXBuildFile; fileRef = 80027E9B1E41684C0002465F /* ToDoTableViewController.swift */; };
		80027E9E1E4168650002465F /* ToDoTableViewCell.swift in Sources */ = {isa = PBXBuildFile; fileRef = 80027E9D1E4168650002465F /* ToDoTableViewCell.swift */; };
		80027EA01E4168FB0002465F /* TodoModel.swift in Sources */ = {isa = PBXBuildFile; fileRef = 80027E9F1E4168FB0002465F /* TodoModel.swift */; };
		80027EA41E416EBE0002465F /* EditTodoViewController.swift in Sources */ = {isa = PBXBuildFile; fileRef = 80027EA31E416EBE0002465F /* EditTodoViewController.swift */; };
		804B4BF01E41777C000B4A55 /* AddToViewController.swift in Sources */ = {isa = PBXBuildFile; fileRef = 804B4BEF1E41777C000B4A55 /* AddToViewController.swift */; };
		C59E6B80EC8B263921B01B37 /* Pods_ToDo_Assignment.framework in Frameworks */ = {isa = PBXBuildFile; fileRef = 2C94893668C9B0A3DA19C584 /* Pods_ToDo_Assignment.framework */; };
/* End PBXBuildFile section */

/* Begin PBXFileReference section */
		2C94893668C9B0A3DA19C584 /* Pods_ToDo_Assignment.framework */ = {isa = PBXFileReference; explicitFileType = wrapper.framework; includeInIndex = 0; path = Pods_ToDo_Assignment.framework; sourceTree = BUILT_PRODUCTS_DIR; };
		556DEEC21A26CF2703012CE0 /* Pods-ToDo-Assignment.release.xcconfig */ = {isa = PBXFileReference; includeInIndex = 1; lastKnownFileType = text.xcconfig; name = "Pods-ToDo-Assignment.release.xcconfig"; path = "Pods/Target Support Files/Pods-ToDo-Assignment/Pods-ToDo-Assignment.release.xcconfig"; sourceTree = "<group>"; };
		80027E861E4167DE0002465F /* ToDo-Assignment.app */ = {isa = PBXFileReference; explicitFileType = wrapper.application; includeInIndex = 0; path = "ToDo-Assignment.app"; sourceTree = BUILT_PRODUCTS_DIR; };
		80027E891E4167DE0002465F /* AppDelegate.swift */ = {isa = PBXFileReference; lastKnownFileType = sourcecode.swift; path = AppDelegate.swift; sourceTree = "<group>"; };
		80027E8B1E4167DE0002465F /* ViewController.swift */ = {isa = PBXFileReference; lastKnownFileType = sourcecode.swift; path = ViewController.swift; sourceTree = "<group>"; };
		80027E8E1E4167DE0002465F /* Base */ = {isa = PBXFileReference; lastKnownFileType = file.storyboard; name = Base; path = Base.lproj/Main.storyboard; sourceTree = "<group>"; };
		80027E901E4167DE0002465F /* Assets.xcassets */ = {isa = PBXFileReference; lastKnownFileType = folder.assetcatalog; path = Assets.xcassets; sourceTree = "<group>"; };
		80027E931E4167DE0002465F /* Base */ = {isa = PBXFileReference; lastKnownFileType = file.storyboard; name = Base; path = Base.lproj/LaunchScreen.storyboard; sourceTree = "<group>"; };
		80027E951E4167DE0002465F /* Info.plist */ = {isa = PBXFileReference; lastKnownFileType = text.plist.xml; path = Info.plist; sourceTree = "<group>"; };
		80027E9B1E41684C0002465F /* ToDoTableViewController.swift */ = {isa = PBXFileReference; fileEncoding = 4; lastKnownFileType = sourcecode.swift; path = ToDoTableViewController.swift; sourceTree = "<group>"; };
		80027E9D1E4168650002465F /* ToDoTableViewCell.swift */ = {isa = PBXFileReference; fileEncoding = 4; lastKnownFileType = sourcecode.swift; path = ToDoTableViewCell.swift; sourceTree = "<group>"; };
		80027E9F1E4168FB0002465F /* TodoModel.swift */ = {isa = PBXFileReference; fileEncoding = 4; lastKnownFileType = sourcecode.swift; path = TodoModel.swift; sourceTree = "<group>"; };
		80027EA31E416EBE0002465F /* EditTodoViewController.swift */ = {isa = PBXFileReference; fileEncoding = 4; lastKnownFileType = sourcecode.swift; path = EditTodoViewController.swift; sourceTree = "<group>"; };
		804B4BEF1E41777C000B4A55 /* AddToViewController.swift */ = {isa = PBXFileReference; fileEncoding = 4; lastKnownFileType = sourcecode.swift; path = AddToViewController.swift; sourceTree = "<group>"; };
		A97E12D687189A3325656298 /* Pods-ToDo-Assignment.debug.xcconfig */ = {isa = PBXFileReference; includeInIndex = 1; lastKnownFileType = text.xcconfig; name = "Pods-ToDo-Assignment.debug.xcconfig"; path = "Pods/Target Support Files/Pods-ToDo-Assignment/Pods-ToDo-Assignment.debug.xcconfig"; sourceTree = "<group>"; };
/* End PBXFileReference section */

/* Begin PBXFrameworksBuildPhase section */
		80027E831E4167DD0002465F /* Frameworks */ = {
			isa = PBXFrameworksBuildPhase;
			buildActionMask = 2147483647;
			files = (
				C59E6B80EC8B263921B01B37 /* Pods_ToDo_Assignment.framework in Frameworks */,
			);
			runOnlyForDeploymentPostprocessing = 0;
		};
/* End PBXFrameworksBuildPhase section */

/* Begin PBXGroup section */
		62FFC758BCFDB2162582DA80 /* Frameworks */ = {
			isa = PBXGroup;
			children = (
				2C94893668C9B0A3DA19C584 /* Pods_ToDo_Assignment.framework */,
			);
			name = Frameworks;
			sourceTree = "<group>";
		};
		80027E7D1E4167DD0002465F = {
			isa = PBXGroup;
			children = (
				80027E881E4167DE0002465F /* ToDo-Assignment */,
				80027E871E4167DE0002465F /* Products */,
				982FE5E7F7D54065F228684C /* Pods */,
				62FFC758BCFDB2162582DA80 /* Frameworks */,
			);
			sourceTree = "<group>";
		};
		80027E871E4167DE0002465F /* Products */ = {
			isa = PBXGroup;
			children = (
				80027E861E4167DE0002465F /* ToDo-Assignment.app */,
			);
			name = Products;
			sourceTree = "<group>";
		};
		80027E881E4167DE0002465F /* ToDo-Assignment */ = {
			isa = PBXGroup;
			children = (
				80A8BE491E5B7BD300571CF1 /* ViewCell */,
				80A8BE481E5B7BB000571CF1 /* ViewControllers */,
				80A8BE471E5B7B9B00571CF1 /* Models */,
				80027E891E4167DE0002465F /* AppDelegate.swift */,
				80027E8D1E4167DE0002465F /* Main.storyboard */,
				80027E901E4167DE0002465F /* Assets.xcassets */,
				80027E921E4167DE0002465F /* LaunchScreen.storyboard */,
				80027E951E4167DE0002465F /* Info.plist */,
			);
			path = "ToDo-Assignment";
			sourceTree = "<group>";
		};
		80A8BE471E5B7B9B00571CF1 /* Models */ = {
			isa = PBXGroup;
			children = (
				80027E9F1E4168FB0002465F /* TodoModel.swift */,
			);
			name = Models;
			sourceTree = "<group>";
		};
		80A8BE481E5B7BB000571CF1 /* ViewControllers */ = {
			isa = PBXGroup;
			children = (
				80027EA31E416EBE0002465F /* EditTodoViewController.swift */,
				804B4BEF1E41777C000B4A55 /* AddToViewController.swift */,
				80027E9B1E41684C0002465F /* ToDoTableViewController.swift */,
				80027E8B1E4167DE0002465F /* ViewController.swift */,
			);
			name = ViewControllers;
			sourceTree = "<group>";
		};
		80A8BE491E5B7BD300571CF1 /* ViewCell */ = {
			isa = PBXGroup;
			children = (
				80027E9D1E4168650002465F /* ToDoTableViewCell.swift */,
			);
			name = ViewCell;
			sourceTree = "<group>";
		};
		982FE5E7F7D54065F228684C /* Pods */ = {
			isa = PBXGroup;
			children = (
				A97E12D687189A3325656298 /* Pods-ToDo-Assignment.debug.xcconfig */,
				556DEEC21A26CF2703012CE0 /* Pods-ToDo-Assignment.release.xcconfig */,
			);
			name = Pods;
			sourceTree = "<group>";
		};
/* End PBXGroup section */

/* Begin PBXNativeTarget section */
		80027E851E4167DD0002465F /* ToDo-Assignment */ = {
			isa = PBXNativeTarget;
			buildConfigurationList = 80027E981E4167DE0002465F /* Build configuration list for PBXNativeTarget "ToDo-Assignment" */;
			buildPhases = (
				76ACC9488090057F0A2D0514 /* [CP] Check Pods Manifest.lock */,
				80027E821E4167DD0002465F /* Sources */,
				80027E831E4167DD0002465F /* Frameworks */,
				80027E841E4167DD0002465F /* Resources */,
				0DEDB505C07F5C80A98F2D8B /* [CP] Embed Pods Frameworks */,
				2C9510ABEDE12BCB21818979 /* [CP] Copy Pods Resources */,
			);
			buildRules = (
			);
			dependencies = (
			);
			name = "ToDo-Assignment";
			productName = "ToDo-Assignment";
			productReference = 80027E861E4167DE0002465F /* ToDo-Assignment.app */;
			productType = "com.apple.product-type.application";
		};
/* End PBXNativeTarget section */

/* Begin PBXProject section */
		80027E7E1E4167DD0002465F /* Project object */ = {
			isa = PBXProject;
			attributes = {
				LastSwiftUpdateCheck = 0820;
				LastUpgradeCheck = 0820;
				ORGANIZATIONNAME = "MAPD-124";
				TargetAttributes = {
					80027E851E4167DD0002465F = {
						CreatedOnToolsVersion = 8.2.1;
						DevelopmentTeam = 2BULHRS882;
						ProvisioningStyle = Automatic;
					};
				};
			};
			buildConfigurationList = 80027E811E4167DD0002465F /* Build configuration list for PBXProject "ToDo-Assignment" */;
			compatibilityVersion = "Xcode 3.2";
			developmentRegion = English;
			hasScannedForEncodings = 0;
			knownRegions = (
				en,
				Base,
			);
			mainGroup = 80027E7D1E4167DD0002465F;
			productRefGroup = 80027E871E4167DE0002465F /* Products */;
			projectDirPath = "";
			projectRoot = "";
			targets = (
				80027E851E4167DD0002465F /* ToDo-Assignment */,
			);
		};
/* End PBXProject section */

/* Begin PBXResourcesBuildPhase section */
		80027E841E4167DD0002465F /* Resources */ = {
			isa = PBXResourcesBuildPhase;
			buildActionMask = 2147483647;
			files = (
				80027E941E4167DE0002465F /* LaunchScreen.storyboard in Resources */,
				80027E911E4167DE0002465F /* Assets.xcassets in Resources */,
				80027E8F1E4167DE0002465F /* Main.storyboard in Resources */,
			);
			runOnlyForDeploymentPostprocessing = 0;
		};
/* End PBXResourcesBuildPhase section */

/* Begin PBXShellScriptBuildPhase section */
		0DEDB505C07F5C80A98F2D8B /* [CP] Embed Pods Frameworks */ = {
			isa = PBXShellScriptBuildPhase;
			buildActionMask = 2147483647;
			files = (
			);
			inputPaths = (
			);
			name = "[CP] Embed Pods Frameworks";
			outputPaths = (
			);
			runOnlyForDeploymentPostprocessing = 0;
			shellPath = /bin/sh;
			shellScript = "\"${SRCROOT}/Pods/Target Support Files/Pods-ToDo-Assignment/Pods-ToDo-Assignment-frameworks.sh\"\n";
			showEnvVarsInLog = 0;
		};
		2C9510ABEDE12BCB21818979 /* [CP] Copy Pods Resources */ = {
			isa = PBXShellScriptBuildPhase;
			buildActionMask = 2147483647;
			files = (
			);
			inputPaths = (
			);
			name = "[CP] Copy Pods Resources";
			outputPaths = (
			);
			runOnlyForDeploymentPostprocessing = 0;
			shellPath = /bin/sh;
			shellScript = "\"${SRCROOT}/Pods/Target Support Files/Pods-ToDo-Assignment/Pods-ToDo-Assignment-resources.sh\"\n";
			showEnvVarsInLog = 0;
		};
		76ACC9488090057F0A2D0514 /* [CP] Check Pods Manifest.lock */ = {
			isa = PBXShellScriptBuildPhase;
			buildActionMask = 2147483647;
			files = (
			);
			inputPaths = (
			);
			name = "[CP] Check Pods Manifest.lock";
			outputPaths = (
			);
			runOnlyForDeploymentPostprocessing = 0;
			shellPath = /bin/sh;
			shellScript = "diff \"${PODS_ROOT}/../Podfile.lock\" \"${PODS_ROOT}/Manifest.lock\" > /dev/null\nif [ $? != 0 ] ; then\n    # print error to STDERR\n    echo \"error: The sandbox is not in sync with the Podfile.lock. Run 'pod install' or update your CocoaPods installation.\" >&2\n    exit 1\nfi\n";
			showEnvVarsInLog = 0;
		};
/* End PBXShellScriptBuildPhase section */

/* Begin PBXSourcesBuildPhase section */
		80027E821E4167DD0002465F /* Sources */ = {
			isa = PBXSourcesBuildPhase;
			buildActionMask = 2147483647;
			files = (
				80027EA41E416EBE0002465F /* EditTodoViewController.swift in Sources */,
				80027E8C1E4167DE0002465F /* ViewController.swift in Sources */,
				80027E9C1E41684C0002465F /* ToDoTableViewController.swift in Sources */,
				80027E8A1E4167DE0002465F /* AppDelegate.swift in Sources */,
				80027EA01E4168FB0002465F /* TodoModel.swift in Sources */,
				80027E9E1E4168650002465F /* ToDoTableViewCell.swift in Sources */,
				804B4BF01E41777C000B4A55 /* AddToViewController.swift in Sources */,
			);
			runOnlyForDeploymentPostprocessing = 0;
		};
/* End PBXSourcesBuildPhase section */

/* Begin PBXVariantGroup section */
		80027E8D1E4167DE0002465F /* Main.storyboard */ = {
			isa = PBXVariantGroup;
			children = (
				80027E8E1E4167DE0002465F /* Base */,
			);
			name = Main.storyboard;
			sourceTree = "<group>";
		};
		80027E921E4167DE0002465F /* LaunchScreen.storyboard */ = {
			isa = PBXVariantGroup;
			children = (
				80027E931E4167DE0002465F /* Base */,
			);
			name = LaunchScreen.storyboard;
			sourceTree = "<group>";
		};
/* End PBXVariantGroup section */

/* Begin XCBuildConfiguration section */
		80027E961E4167DE0002465F /* Debug */ = {
			isa = XCBuildConfiguration;
			buildSettings = {
				ALWAYS_SEARCH_USER_PATHS = NO;
				CLANG_ANALYZER_NONNULL = YES;
				CLANG_CXX_LANGUAGE_STANDARD = "gnu++0x";
				CLANG_CXX_LIBRARY = "libc++";
				CLANG_ENABLE_MODULES = YES;
				CLANG_ENABLE_OBJC_ARC = YES;
				CLANG_WARN_BOOL_CONVERSION = YES;
				CLANG_WARN_CONSTANT_CONVERSION = YES;
				CLANG_WARN_DIRECT_OBJC_ISA_USAGE = YES_ERROR;
				CLANG_WARN_DOCUMENTATION_COMMENTS = YES;
				CLANG_WARN_EMPTY_BODY = YES;
				CLANG_WARN_ENUM_CONVERSION = YES;
				CLANG_WARN_INFINITE_RECURSION = YES;
				CLANG_WARN_INT_CONVERSION = YES;
				CLANG_WARN_OBJC_ROOT_CLASS = YES_ERROR;
				CLANG_WARN_SUSPICIOUS_MOVE = YES;
				CLANG_WARN_UNREACHABLE_CODE = YES;
				CLANG_WARN__DUPLICATE_METHOD_MATCH = YES;
				"CODE_SIGN_IDENTITY[sdk=iphoneos*]" = "iPhone Developer";
				COPY_PHASE_STRIP = NO;
				DEBUG_INFORMATION_FORMAT = dwarf;
				ENABLE_STRICT_OBJC_MSGSEND = YES;
				ENABLE_TESTABILITY = YES;
				GCC_C_LANGUAGE_STANDARD = gnu99;
				GCC_DYNAMIC_NO_PIC = NO;
				GCC_NO_COMMON_BLOCKS = YES;
				GCC_OPTIMIZATION_LEVEL = 0;
				GCC_PREPROCESSOR_DEFINITIONS = (
					"DEBUG=1",
					"$(inherited)",
				);
				GCC_WARN_64_TO_32_BIT_CONVERSION = YES;
				GCC_WARN_ABOUT_RETURN_TYPE = YES_ERROR;
				GCC_WARN_UNDECLARED_SELECTOR = YES;
				GCC_WARN_UNINITIALIZED_AUTOS = YES_AGGRESSIVE;
				GCC_WARN_UNUSED_FUNCTION = YES;
				GCC_WARN_UNUSED_VARIABLE = YES;
				IPHONEOS_DEPLOYMENT_TARGET = 10.2;
				MTL_ENABLE_DEBUG_INFO = YES;
				ONLY_ACTIVE_ARCH = YES;
				SDKROOT = iphoneos;
				SWIFT_ACTIVE_COMPILATION_CONDITIONS = DEBUG;
				SWIFT_OPTIMIZATION_LEVEL = "-Onone";
				TARGETED_DEVICE_FAMILY = "1,2";
			};
			name = Debug;
		};
		80027E971E4167DE0002465F /* Release */ = {
			isa = XCBuildConfiguration;
			buildSettings = {
				ALWAYS_SEARCH_USER_PATHS = NO;
				CLANG_ANALYZER_NONNULL = YES;
				CLANG_CXX_LANGUAGE_STANDARD = "gnu++0x";
				CLANG_CXX_LIBRARY = "libc++";
				CLANG_ENABLE_MODULES = YES;
				CLANG_ENABLE_OBJC_ARC = YES;
				CLANG_WARN_BOOL_CONVERSION = YES;
				CLANG_WARN_CONSTANT_CONVERSION = YES;
				CLANG_WARN_DIRECT_OBJC_ISA_USAGE = YES_ERROR;
				CLANG_WARN_DOCUMENTATION_COMMENTS = YES;
				CLANG_WARN_EMPTY_BODY = YES;
				CLANG_WARN_ENUM_CONVERSION = YES;
				CLANG_WARN_INFINITE_RECURSION = YES;
				CLANG_WARN_INT_CONVERSION = YES;
				CLANG_WARN_OBJC_ROOT_CLASS = YES_ERROR;
				CLANG_WARN_SUSPICIOUS_MOVE = YES;
				CLANG_WARN_UNREACHABLE_CODE = YES;
				CLANG_WARN__DUPLICATE_METHOD_MATCH = YES;
				"CODE_SIGN_IDENTITY[sdk=iphoneos*]" = "iPhone Developer";
				COPY_PHASE_STRIP = NO;
				DEBUG_INFORMATION_FORMAT = "dwarf-with-dsym";
				ENABLE_NS_ASSERTIONS = NO;
				ENABLE_STRICT_OBJC_MSGSEND = YES;
				GCC_C_LANGUAGE_STANDARD = gnu99;
				GCC_NO_COMMON_BLOCKS = YES;
				GCC_WARN_64_TO_32_BIT_CONVERSION = YES;
				GCC_WARN_ABOUT_RETURN_TYPE = YES_ERROR;
				GCC_WARN_UNDECLARED_SELECTOR = YES;
				GCC_WARN_UNINITIALIZED_AUTOS = YES_AGGRESSIVE;
				GCC_WARN_UNUSED_FUNCTION = YES;
				GCC_WARN_UNUSED_VARIABLE = YES;
				IPHONEOS_DEPLOYMENT_TARGET = 10.2;
				MTL_ENABLE_DEBUG_INFO = NO;
				SDKROOT = iphoneos;
				SWIFT_OPTIMIZATION_LEVEL = "-Owholemodule";
				TARGETED_DEVICE_FAMILY = "1,2";
				VALIDATE_PRODUCT = YES;
			};
			name = Release;
		};
		80027E991E4167DE0002465F /* Debug */ = {
			isa = XCBuildConfiguration;
			baseConfigurationReference = A97E12D687189A3325656298 /* Pods-ToDo-Assignment.debug.xcconfig */;
			buildSettings = {
				ASSETCATALOG_COMPILER_APPICON_NAME = AppIcon;
				DEVELOPMENT_TEAM = 2BULHRS882;
				INFOPLIST_FILE = "ToDo-Assignment/Info.plist";
				IPHONEOS_DEPLOYMENT_TARGET = 10.2;
				LD_RUNPATH_SEARCH_PATHS = "$(inherited) @executable_path/Frameworks";
				PRODUCT_BUNDLE_IDENTIFIER = "mapd.124.ToDo-Assignment";
				PRODUCT_NAME = "$(TARGET_NAME)";
				SWIFT_VERSION = 3.0;
			};
			name = Debug;
		};
		80027E9A1E4167DE0002465F /* Release */ = {
			isa = XCBuildConfiguration;
			baseConfigurationReference = 556DEEC21A26CF2703012CE0 /* Pods-ToDo-Assignment.release.xcconfig */;
			buildSettings = {
				ASSETCATALOG_COMPILER_APPICON_NAME = AppIcon;
				DEVELOPMENT_TEAM = 2BULHRS882;
				INFOPLIST_FILE = "ToDo-Assignment/Info.plist";
				IPHONEOS_DEPLOYMENT_TARGET = 10.2;
				LD_RUNPATH_SEARCH_PATHS = "$(inherited) @executable_path/Frameworks";
				PRODUCT_BUNDLE_IDENTIFIER = "mapd.124.ToDo-Assignment";
				PRODUCT_NAME = "$(TARGET_NAME)";
				SWIFT_VERSION = 3.0;
			};
			name = Release;
		};
/* End XCBuildConfiguration section */

/* Begin XCConfigurationList section */
		80027E811E4167DD0002465F /* Build configuration list for PBXProject "ToDo-Assignment" */ = {
			isa = XCConfigurationList;
			buildConfigurations = (
				80027E961E4167DE0002465F /* Debug */,
				80027E971E4167DE0002465F /* Release */,
			);
			defaultConfigurationIsVisible = 0;
			defaultConfigurationName = Release;
		};
		80027E981E4167DE0002465F /* Build configuration list for PBXNativeTarget "ToDo-Assignment" */ = {
			isa = XCConfigurationList;
			buildConfigurations = (
				80027E991E4167DE0002465F /* Debug */,
				80027E9A1E4167DE0002465F /* Release */,
			);
			defaultConfigurationIsVisible = 0;
			defaultConfigurationName = Release;
		};
/* End XCConfigurationList section */
	};
	rootObject = 80027E7E1E4167DD0002465F /* Project object */;
}
